{
  "version": "4",
  "redirects": {
    "https://esm.sh/@noble/curves@^1.4.2/ed25519?target=denonext": "https://esm.sh/@noble/curves@1.9.7/ed25519?target=denonext",
    "https://esm.sh/@noble/curves@^1.4.2/secp256k1?target=denonext": "https://esm.sh/@noble/curves@1.9.7/secp256k1?target=denonext",
    "https://esm.sh/@noble/hashes@^1.4.0/sha256?target=denonext": "https://esm.sh/@noble/hashes@1.8.0/sha256?target=denonext",
    "https://esm.sh/@noble/hashes@^1.4.0/sha3?target=denonext": "https://esm.sh/@noble/hashes@1.8.0/sha3?target=denonext",
    "https://esm.sh/@solana/buffer-layout@^4.0.1?target=denonext": "https://esm.sh/@solana/buffer-layout@4.0.1?target=denonext",
    "https://esm.sh/@solana/codecs-numbers@^2.1.0?target=denonext": "https://esm.sh/@solana/codecs-numbers@2.3.0?target=denonext",
    "https://esm.sh/@types/bn.js@~5.1.6/index.d.ts": "https://esm.sh/@types/bn.js@5.1.6/index.d.ts",
    "https://esm.sh/@types/bn.js@~5.2.0/index.d.ts": "https://esm.sh/@types/bn.js@5.2.0/index.d.ts",
    "https://esm.sh/@types/bs58@~4.0.4/index.d.ts": "https://esm.sh/@types/bs58@4.0.4/index.d.ts",
    "https://esm.sh/@types/text-encoding-utf-8@~1.0.5/index.d.ts": "https://esm.sh/@types/text-encoding-utf-8@1.0.5/index.d.ts",
    "https://esm.sh/@types/uuid@~8.3.4/index.d.mts": "https://esm.sh/@types/uuid@8.3.4/index.d.mts",
    "https://esm.sh/@types/ws@~8.18.1/index.d.mts": "https://esm.sh/@types/ws@8.18.1/index.d.mts",
    "https://esm.sh/@types/ws@~8.5.13/index.d.mts": "https://esm.sh/@types/ws@8.5.14/index.d.mts",
    "https://esm.sh/base-x@^3.0.2?target=denonext": "https://esm.sh/base-x@3.0.11?target=denonext",
    "https://esm.sh/base-x@^5.0.0?target=denonext": "https://esm.sh/base-x@5.0.1?target=denonext",
    "https://esm.sh/bn.js@^5.2.0?target=denonext": "https://esm.sh/bn.js@5.2.2?target=denonext",
    "https://esm.sh/bn.js@^5.2.1?target=denonext": "https://esm.sh/bn.js@5.2.2?target=denonext",
    "https://esm.sh/borsh@^0.7.0?target=denonext": "https://esm.sh/borsh@0.7.0?target=denonext",
    "https://esm.sh/bs58@^4.0.0?target=denonext": "https://esm.sh/bs58@4.0.1?target=denonext",
    "https://esm.sh/bs58@^4.0.1?target=denonext": "https://esm.sh/bs58@4.0.1?target=denonext",
    "https://esm.sh/bufferutil@^4.0.1?target=denonext": "https://esm.sh/bufferutil@4.0.9?target=denonext",
    "https://esm.sh/eventemitter3@^5.0.1?target=denonext": "https://esm.sh/eventemitter3@5.0.1?target=denonext",
    "https://esm.sh/jayson@^4.1.1/lib/client/browser?target=denonext": "https://esm.sh/jayson@4.2.0/lib/client/browser?target=denonext",
    "https://esm.sh/node-gyp-build@^4.3.0?target=denonext": "https://esm.sh/node-gyp-build@4.8.4?target=denonext",
    "https://esm.sh/rpc-websockets@^9.0.2?target=denonext": "https://esm.sh/rpc-websockets@9.3.1?target=denonext",
    "https://esm.sh/safe-buffer@^5.0.1?target=denonext": "https://esm.sh/safe-buffer@5.2.1?target=denonext",
    "https://esm.sh/superstruct@^2.0.2?target=denonext": "https://esm.sh/superstruct@2.0.2?target=denonext",
    "https://esm.sh/text-encoding-utf-8@^1.0.2?target=denonext": "https://esm.sh/text-encoding-utf-8@1.0.2?target=denonext",
    "https://esm.sh/utf-8-validate@%3E=5.0.2?target=denonext": "https://esm.sh/utf-8-validate@6.0.5?target=denonext",
    "https://esm.sh/uuid@^8.3.2?target=denonext": "https://esm.sh/uuid@8.3.2?target=denonext",
    "https://esm.sh/ws@^8.5.0?target=denonext": "https://esm.sh/ws@8.18.3?target=denonext"
  },
  "remote": {
    "https://deno.land/std@0.208.0/dotenv/load.ts": "0636983549b98f29ab75c9a22a42d9723f0a389ece5498fe971e7bb2556a12e2",
    "https://deno.land/std@0.208.0/dotenv/mod.ts": "039468f5c87d39b69d7ca6c3d68ebca82f206ec0ff5e011d48205eea292ea5a6",
    "https://esm.sh/@noble/curves@1.9.7/denonext/_shortw_utils.mjs": "d62ddfbe9cb2215269d9b56447c5aecc342999419cb9f6bd66e991ee7bc28d35",
    "https://esm.sh/@noble/curves@1.9.7/denonext/abstract/curve.mjs": "ca7c724c2cf4e0cd5f9d0c3eed4b3081cdb8c017e12638a2722fd76922ff9c44",
    "https://esm.sh/@noble/curves@1.9.7/denonext/abstract/edwards.mjs": "fe845b2bdfff5b8d4977fe301c1724d712b7f58774406dbf4f0c41b63fa40db8",
    "https://esm.sh/@noble/curves@1.9.7/denonext/abstract/hash-to-curve.mjs": "bac93e692bd50bb338d104a59b841acb2a6246d131122914b9e78e029abb0d63",
    "https://esm.sh/@noble/curves@1.9.7/denonext/abstract/modular.mjs": "cfa09121cbd673d611b9f696ed8119c10df4fa0fbaecbca19233909f7c6f504d",
    "https://esm.sh/@noble/curves@1.9.7/denonext/abstract/montgomery.mjs": "3223cab61395f5b89d3ca6d7af0909d48852fe4a02cb284743d81fff2e113f88",
    "https://esm.sh/@noble/curves@1.9.7/denonext/abstract/weierstrass.mjs": "28c5cbd946e5dfed647201f66148c1c383c26185c35434872c2b9b512c7e3957",
    "https://esm.sh/@noble/curves@1.9.7/denonext/ed25519.mjs": "ed008d9d2fc17a600a28b75d16149beb56631bce38f1adee1338018926c5d5da",
    "https://esm.sh/@noble/curves@1.9.7/denonext/secp256k1.mjs": "942283ed893724ae84fb8d3764f79695ca0883d7575afd718c889a09d446b173",
    "https://esm.sh/@noble/curves@1.9.7/denonext/utils.mjs": "78800caea02fb59f99fe68775bcde329357138874dcdb4e6d2f56e76b4eeeaf0",
    "https://esm.sh/@noble/curves@1.9.7/ed25519?target=denonext": "355f172ca4e57dd1a7eaff0061c6d0220130b65dc4c23434eacef25ae4354312",
    "https://esm.sh/@noble/curves@1.9.7/secp256k1?target=denonext": "3e69e23e4c33f1c76f0066344fc77682c059ec53959aa4c03b5d48b4b63ccd2b",
    "https://esm.sh/@noble/hashes@1.8.0/denonext/_md.mjs": "e30debbd8e964d8bd4ae9c807c75601e3ef7ec73eaed005f703709f64a4b2257",
    "https://esm.sh/@noble/hashes@1.8.0/denonext/crypto.mjs": "cabc4468470c6f6d15891c4a6037aebed19289e1a12eb9905c5579c26767a721",
    "https://esm.sh/@noble/hashes@1.8.0/denonext/hmac.mjs": "f6e5f679509f87084ebfc0e0334a8ce28788cf94868a61807420618dfc392325",
    "https://esm.sh/@noble/hashes@1.8.0/denonext/sha2.mjs": "1bf8c30d97f7fe1546e2fed6777a0da85e78d6e961eeae0e0b4437dabf016b7a",
    "https://esm.sh/@noble/hashes@1.8.0/denonext/sha256.mjs": "43f16ee7a29cabde4a66d24226da441240f587dc34c568661a1b3f392fda177a",
    "https://esm.sh/@noble/hashes@1.8.0/denonext/sha3.mjs": "026506a4a95d1c7d8088c285de5723914e70e9d1fdda4bc7749108b9278d368c",
    "https://esm.sh/@noble/hashes@1.8.0/denonext/utils.mjs": "18b15a49e98c9e136e4bfcdce69b9461630b7dc3389ba932f535ad4a47221b08",
    "https://esm.sh/@noble/hashes@1.8.0/sha256?target=denonext": "1804d21efec0beea92617d60ab84cd45d16d58bc709830df4da1be95a8fc69fc",
    "https://esm.sh/@noble/hashes@1.8.0/sha3?target=denonext": "a4c07bd12121b1b3ecc9fd54e2edd26cdf266093b85b29af199c014a7374ba15",
    "https://esm.sh/@solana/buffer-layout@4.0.1/denonext/buffer-layout.mjs": "7bf947e1b39e522c90935217df53c474a761c98025d7d123a99acfa19cefd74d",
    "https://esm.sh/@solana/buffer-layout@4.0.1?target=denonext": "b6949f6f6de76fca1542653f57c9c417f7c16d4141ed40463baf4c4bd01a1f2f",
    "https://esm.sh/@solana/codecs-core@2.3.0/denonext/codecs-core.mjs": "bbb3e74c7a0884da043170a0c140457a684e05465f870d62f850522b651a6765",
    "https://esm.sh/@solana/codecs-numbers@2.3.0/denonext/codecs-numbers.mjs": "f12a75e0c8aa2d238a0ae0f533d535cd9c8e2bf386bc79c69cead2bce05331c6",
    "https://esm.sh/@solana/codecs-numbers@2.3.0?target=denonext": "6608dfa82a0a4c839799fc3cf77d872a167920212547ff666e0bea3065c7fdd1",
    "https://esm.sh/@solana/errors@2.3.0/denonext/errors.mjs": "cbf26431c9acdbe1b487b7cebf1b804d05dca53b1015f0f79c416832691a7f04",
    "https://esm.sh/@solana/web3.js@1.98.2": "9388d6e715c41c1223ab0fed736429863b9bb3c87ac78e82615a5abfa12bd658",
    "https://esm.sh/@solana/web3.js@1.98.2/denonext/web3.mjs": "632a8ee83ebfb348a115b93cfc69ec7b62acef9c013fbcc61295cac7190fc6bf",
    "https://esm.sh/base-x@3.0.11/denonext/base-x.mjs": "02c3f56caa78d7e71f593ecf0b582950da811af6d4c0c1d89df8d368803a852c",
    "https://esm.sh/base-x@3.0.11?target=denonext": "36b1b75fdccb9b4c7aafc830c2b9b3f3384caaa37e5a5474d396a73d96bf0074",
    "https://esm.sh/base-x@5.0.1/denonext/base-x.mjs": "5a8efa6ce23ac825058b7ead4fea4b17c6b09e07a710819e2d1b1aa7b4f46e28",
    "https://esm.sh/base-x@5.0.1?target=denonext": "84dc785e209a2addf40471d2385f71be1c00d683c31aee2424e65588fe8be81a",
    "https://esm.sh/bn.js@5.2.2/denonext/bn.mjs": "6b4e5cc0991eedd1a2ff3d7057c36c1115a201b71e2de306c5fac9237619da3c",
    "https://esm.sh/bn.js@5.2.2?target=denonext": "80bc9e218474408c35cc7811b4fde7b8a207ab686b7a26a222004addcb62ad5c",
    "https://esm.sh/borsh@0.7.0/denonext/borsh.mjs": "49d1f3da8c5d6cefd4406e82a0ff90090b5da15a1a8cd4ec3e436aa2a0e3ef51",
    "https://esm.sh/borsh@0.7.0?target=denonext": "725edf1629cf95eef06dba32a351f12d63ee4dee147c47952f6d9c85e7cf0348",
    "https://esm.sh/bs58@4.0.1/denonext/bs58.mjs": "af340510fb29b2992660e910fec8b7b6fbf99f87bef867978a6734410a2b484e",
    "https://esm.sh/bs58@4.0.1?target=denonext": "741a1ee4b5b5b1b6db8f5223a290a39bb8130033179165efd19ef9f74b648e85",
    "https://esm.sh/bs58@6.0.0": "17642159b8d343f81783d6626af3b2b0d59c78516b1925fdc876c8e1c0329dbe",
    "https://esm.sh/bs58@6.0.0/denonext/bs58.mjs": "8e3bafba44ed4ee91ec15eaaa8ad57e0a5babef41ae364d0aff040ff58dbd7da",
    "https://esm.sh/bufferutil@4.0.9/denonext/bufferutil.mjs": "13dca4d5bb2c68cbe119f880fa3bd785b9a81a8e02e0834dae604b4b85295cd8",
    "https://esm.sh/bufferutil@4.0.9?target=denonext": "e32574569ab438facfcc3f412c659b0719bbf05477136ca176938c9a3ac45125",
    "https://esm.sh/eventemitter3@5.0.1/denonext/eventemitter3.mjs": "8f5abddb39876fcb8a4ea0c464c7de3755b244f99e4149b1524e77053a7f71a7",
    "https://esm.sh/eventemitter3@5.0.1?target=denonext": "70d8b94c6397b6df7daeb699ebcf8d78a00c961d5ea9abd48674805bcfba040a",
    "https://esm.sh/jayson@4.2.0/denonext/lib/client/browser.mjs": "d419e1b6be95ead3b55c246f9a6ba37617b8000d54628d69f01fb360cf7a2a4b",
    "https://esm.sh/jayson@4.2.0/lib/client/browser?target=denonext": "d26694b223ac495e036be27e6f84f5a40847a6e6b4a80c4986fbd35769c8659b",
    "https://esm.sh/node-gyp-build@4.8.4/denonext/node-gyp-build.mjs": "9a86f2d044fc77bd60aaa3d697c2ba1b818da5fb1b9aaeedec59a40b8e908803",
    "https://esm.sh/node-gyp-build@4.8.4?target=denonext": "261a6cedf1fdbf159798141ba1e2311ac1510682c5c8b55dacc8cf5fdee4aa06",
    "https://esm.sh/rpc-websockets@9.3.1/denonext/rpc-websockets.mjs": "cf3b6fa215060200a5cd5a6f6b9136f316c89069952faea1b6dcf3f726ac82b9",
    "https://esm.sh/rpc-websockets@9.3.1?target=denonext": "6233a1a0e55ed55d66311356461e5644d9f2700b1953e34adf538e57af066dc6",
    "https://esm.sh/safe-buffer@5.2.1/denonext/safe-buffer.mjs": "51b088d69d0bbf6d7ce4179853887e105715df40e432a3bff0e9575cc2285276",
    "https://esm.sh/safe-buffer@5.2.1?target=denonext": "34028b9647c849fa96dfd3d9f217a3adca8b43b13409820ac3f43fb15eba3e20",
    "https://esm.sh/superstruct@2.0.2/denonext/superstruct.mjs": "02784bf14fcfe3e318e7c3eff443ce9c6a8fe83b13e3d92ef905c261b8c2da7e",
    "https://esm.sh/superstruct@2.0.2?target=denonext": "4a91b18cc5ba6bef168ad0afbd79b567d37729c9efc94a40d135efaecf13ad3f",
    "https://esm.sh/text-encoding-utf-8@1.0.2/denonext/text-encoding-utf-8.mjs": "ca69a616ba87cf16a282346dfe71b4cad31d8c6aeea1b59a84830ad3315b0a81",
    "https://esm.sh/text-encoding-utf-8@1.0.2?target=denonext": "cdfa4b5885394a850a34a7d57de25f4e906f31aff39ce4ef54af0ac88ea7e193",
    "https://esm.sh/tweetnacl@1.0.3": "278caeeeb136b538b5839595306abfe0ed8e0263a990a446fd30d89aaef9a8c5",
    "https://esm.sh/tweetnacl@1.0.3/denonext/tweetnacl.mjs": "71347ea6adf760e1378fe39edf421fcbb2c05c21816e6762c7ae425084143830",
    "https://esm.sh/utf-8-validate@6.0.5/denonext/utf-8-validate.mjs": "66b8ea532a0c745068f5b96ddb1bae332c3036703243541d2e89e66331974d98",
    "https://esm.sh/utf-8-validate@6.0.5?target=denonext": "071bc33ba1a58297e23a34d69dd589fd06df04b0f373b382ff5da544a623f271",
    "https://esm.sh/uuid@8.3.2/denonext/uuid.mjs": "2a1f6d8cc7d16ed60b7e6aabcf79e0077244ffbd66b47c994041b15b13062cd3",
    "https://esm.sh/uuid@8.3.2?target=denonext": "b3f95c83a700f64bb21c0b138f56a4c28c338078a9ac8d7258b17c699caed85d",
    "https://esm.sh/ws@8.18.3/denonext/ws.mjs": "063ab2c92e0908d060e4de414b74e941fbd1b3ccedfce35cc965703a8a3f86c1",
    "https://esm.sh/ws@8.18.3?target=denonext": "a5ca9d7990fc419fd8b8d06d0855bb64688769e6bb887ba07d36c13172f882b5"
  }
}
